
Microsoft Visual Studio Solution File, Format Version 12.00
# Visual Studio 2017
Project("{FAE04EC0-301F-11D3-BF4B-00C04F79EFBC}") = "GhostHunt", "GhostHunt.csproj", "{B9DA1C8A-C547-151D-7D54-78ACFAA346C9}"
EndProject
Project("{FAE04EC0-301F-11D3-BF4B-00C04F79EFBC}") = "GhostHunt.Editor", "GhostHunt.Editor.csproj", "{5EA7755E-9BC2-02F0-36DF-0731F6973AC4}"
EndProject
Global
	GlobalSection(SolutionConfigurationPlatforms) = preSolution
		Debug|Any CPU = Debug|Any CPU
		Release|Any CPU = Release|Any CPU
	EndGlobalSection
	GlobalSection(ProjectConfigurationPlatforms) = postSolution
		{B9DA1C8A-C547-151D-7D54-78ACFAA346C9}.Debug|Any CPU.ActiveCfg = Debug|Any CPU
		{B9DA1C8A-C547-151D-7D54-78ACFAA346C9}.Debug|Any CPU.Build.0 = Debug|Any CPU
		{B9DA1C8A-C547-151D-7D54-78ACFAA346C9}.Release|Any CPU.ActiveCfg = Release|Any CPU
		{B9DA1C8A-C547-151D-7D54-78ACFAA346C9}.Release|Any CPU.Build.0 = Release|Any CPU
		{5EA7755E-9BC2-02F0-36DF-0731F6973AC4}.Debug|Any CPU.ActiveCfg = Debug|Any CPU
		{5EA7755E-9BC2-02F0-36DF-0731F6973AC4}.Debug|Any CPU.Build.0 = Debug|Any CPU
		{5EA7755E-9BC2-02F0-36DF-0731F6973AC4}.Release|Any CPU.ActiveCfg = Release|Any CPU
		{5EA7755E-9BC2-02F0-36DF-0731F6973AC4}.Release|Any CPU.Build.0 = Release|Any CPU
	EndGlobalSection
	GlobalSection(SolutionProperties) = preSolution
		HideSolutionNode = FALSE
	EndGlobalSection
EndGlobal
